{
    "name": "@oadpoaw/string-shuffle",
    "version": "1.1.0",
    "lockfileVersion": 1,
    "requires": true,
    "dependencies": {
        "@oadpoaw/array-shuffle": {
            "version": "1.3.0",
            "resolved": "https://registry.npmjs.org/@oadpoaw/array-shuffle/-/array-shuffle-1.3.0.tgz",
            "integrity": "sha512-sbo+DsM9RuVZPYImByYcyw7vtpcC4ZY8fbvRWGu83U2VJ991bXhaO9WLtrnCmMIlYvPVMIgOPZ6y1Ptf+IDU/A=="
        }
    }
}
